{
  "name": "gear-launcher",
  "version": "1.0.0",
  "lockfileVersion": 1,
  "requires": true,
  "dependencies": {
    "buffer.ws": {
      "version": "1.0.5",
      "resolved": "https://registry.npmjs.org/buffer.ws/-/buffer.ws-1.0.5.tgz",
      "integrity": "sha512-ESkL8zpMVrBkzbFMGhscorht8tS7Bf/FKnK68j6tAMbupleICqgFm1BIkAmBAyoBUdqMtGSp2JtA7ZjZybZUsA=="
    },
    "ws": {
      "version": "8.3.0",
      "resolved": "https://registry.npmjs.org/ws/-/ws-8.3.0.tgz",
      "integrity": "sha512-Gs5EZtpqZzLvmIM59w4igITU57lrtYVFneaa434VROv4thzJyV6UjIL3D42lslWlI+D4KzLYnxSwtfuiO79sNw=="
    }
  }
}
